// !$*UTF8*$!
{
	archiveVersion = 1;
	classes = {
	};
	objectVersion = 50;
	objects = {

/* Begin PBXBuildFile section */
		5908486F270456440054F435 /* AppDelegate.swift in Sources */ = {isa = PBXBuildFile; fileRef = 5908486E270456440054F435 /* AppDelegate.swift */; };
		59084871270456440054F435 /* SceneDelegate.swift in Sources */ = {isa = PBXBuildFile; fileRef = 59084870270456440054F435 /* SceneDelegate.swift */; };
		59084873270456440054F435 /* ViewController.swift in Sources */ = {isa = PBXBuildFile; fileRef = 59084872270456440054F435 /* ViewController.swift */; };
		59084876270456440054F435 /* Main.storyboard in Resources */ = {isa = PBXBuildFile; fileRef = 59084874270456440054F435 /* Main.storyboard */; };
		59084879270456440054F435 /* tablasCoreData.xcdatamodeld in Sources */ = {isa = PBXBuildFile; fileRef = 59084877270456440054F435 /* tablasCoreData.xcdatamodeld */; };
		5908487B270456460054F435 /* Assets.xcassets in Resources */ = {isa = PBXBuildFile; fileRef = 5908487A270456460054F435 /* Assets.xcassets */; };
		5908487E270456460054F435 /* LaunchScreen.storyboard in Resources */ = {isa = PBXBuildFile; fileRef = 5908487C270456460054F435 /* LaunchScreen.storyboard */; };
		5908488827045EC30054F435 /* Persona+CoreDataClass.swift in Sources */ = {isa = PBXBuildFile; fileRef = 5908488627045EC30054F435 /* Persona+CoreDataClass.swift */; };
		5908488927045EC30054F435 /* Persona+CoreDataProperties.swift in Sources */ = {isa = PBXBuildFile; fileRef = 5908488727045EC30054F435 /* Persona+CoreDataProperties.swift */; };
/* End PBXBuildFile section */

/* Begin PBXFileReference section */
		5908486B270456440054F435 /* tablasCoreData.app */ = {isa = PBXFileReference; explicitFileType = wrapper.application; includeInIndex = 0; path = tablasCoreData.app; sourceTree = BUILT_PRODUCTS_DIR; };
		5908486E270456440054F435 /* AppDelegate.swift */ = {isa = PBXFileReference; lastKnownFileType = sourcecode.swift; path = AppDelegate.swift; sourceTree = "<group>"; };
		59084870270456440054F435 /* SceneDelegate.swift */ = {isa = PBXFileReference; lastKnownFileType = sourcecode.swift; path = SceneDelegate.swift; sourceTree = "<group>"; };
		59084872270456440054F435 /* ViewController.swift */ = {isa = PBXFileReference; lastKnownFileType = sourcecode.swift; path = ViewController.swift; sourceTree = "<group>"; };
		59084875270456440054F435 /* Base */ = {isa = PBXFileReference; lastKnownFileType = file.storyboard; name = Base; path = Base.lproj/Main.storyboard; sourceTree = "<group>"; };
		59084878270456440054F435 /* tablasCoreData.xcdatamodel */ = {isa = PBXFileReference; lastKnownFileType = wrapper.xcdatamodel; path = tablasCoreData.xcdatamodel; sourceTree = "<group>"; };
		5908487A270456460054F435 /* Assets.xcassets */ = {isa = PBXFileReference; lastKnownFileType = folder.assetcatalog; path = Assets.xcassets; sourceTree = "<group>"; };
		5908487D270456460054F435 /* Base */ = {isa = PBXFileReference; lastKnownFileType = file.storyboard; name = Base; path = Base.lproj/LaunchScreen.storyboard; sourceTree = "<group>"; };
		5908487F270456460054F435 /* Info.plist */ = {isa = PBXFileReference; lastKnownFileType = text.plist.xml; path = Info.plist; sourceTree = "<group>"; };
		5908488627045EC30054F435 /* Persona+CoreDataClass.swift */ = {isa = PBXFileReference; lastKnownFileType = sourcecode.swift; path = "Persona+CoreDataClass.swift"; sourceTree = "<group>"; };
		5908488727045EC30054F435 /* Persona+CoreDataProperties.swift */ = {isa = PBXFileReference; lastKnownFileType = sourcecode.swift; path = "Persona+CoreDataProperties.swift"; sourceTree = "<group>"; };
/* End PBXFileReference section */

/* Begin PBXFrameworksBuildPhase section */
		59084868270456440054F435 /* Frameworks */ = {
			isa = PBXFrameworksBuildPhase;
			buildActionMask = 2147483647;
			files = (
			);
			runOnlyForDeploymentPostprocessing = 0;
		};
/* End PBXFrameworksBuildPhase section */

/* Begin PBXGroup section */
		59084862270456440054F435 = {
			isa = PBXGroup;
			children = (
				5908488627045EC30054F435 /* Persona+CoreDataClass.swift */,
				5908488727045EC30054F435 /* Persona+CoreDataProperties.swift */,
				5908486D270456440054F435 /* tablasCoreData */,
				5908486C270456440054F435 /* Products */,
			);
			sourceTree = "<group>";
		};
		5908486C270456440054F435 /* Products */ = {
			isa = PBXGroup;
			children = (
				5908486B270456440054F435 /* tablasCoreData.app */,
			);
			name = Products;
			sourceTree = "<group>";
		};
		5908486D270456440054F435 /* tablasCoreData */ = {
			isa = PBXGroup;
			children = (
				5908486E270456440054F435 /* AppDelegate.swift */,
				59084870270456440054F435 /* SceneDelegate.swift */,
				59084872270456440054F435 /* ViewController.swift */,
				59084874270456440054F435 /* Main.storyboard */,
				5908487A270456460054F435 /* Assets.xcassets */,
				5908487C270456460054F435 /* LaunchScreen.storyboard */,
				5908487F270456460054F435 /* Info.plist */,
				59084877270456440054F435 /* tablasCoreData.xcdatamodeld */,
			);
			path = tablasCoreData;
			sourceTree = "<group>";
		};
/* End PBXGroup section */

/* Begin PBXNativeTarget section */
		5908486A270456440054F435 /* tablasCoreData */ = {
			isa = PBXNativeTarget;
			buildConfigurationList = 59084882270456460054F435 /* Build configuration list for PBXNativeTarget "tablasCoreData" */;
			buildPhases = (
				59084867270456440054F435 /* Sources */,
				59084868270456440054F435 /* Frameworks */,
				59084869270456440054F435 /* Resources */,
			);
			buildRules = (
			);
			dependencies = (
			);
			name = tablasCoreData;
			productName = tablasCoreData;
			productReference = 5908486B270456440054F435 /* tablasCoreData.app */;
			productType = "com.apple.product-type.application";
		};
/* End PBXNativeTarget section */

/* Begin PBXProject section */
		59084863270456440054F435 /* Project object */ = {
			isa = PBXProject;
			attributes = {
				LastSwiftUpdateCheck = 1240;
				LastUpgradeCheck = 1240;
				TargetAttributes = {
					5908486A270456440054F435 = {
						CreatedOnToolsVersion = 12.4;
					};
				};
			};
			buildConfigurationList = 59084866270456440054F435 /* Build configuration list for PBXProject "tablasCoreData" */;
			compatibilityVersion = "Xcode 9.3";
			developmentRegion = en;
			hasScannedForEncodings = 0;
			knownRegions = (
				en,
				Base,
			);
			mainGroup = 59084862270456440054F435;
			productRefGroup = 5908486C270456440054F435 /* Products */;
			projectDirPath = "";
			projectRoot = "";
			targets = (
				5908486A270456440054F435 /* tablasCoreData */,
			);
		};
/* End PBXProject section */

/* Begin PBXResourcesBuildPhase section */
		59084869270456440054F435 /* Resources */ = {
			isa = PBXResourcesBuildPhase;
			buildActionMask = 2147483647;
			files = (
				5908487E270456460054F435 /* LaunchScreen.storyboard in Resources */,
				5908487B270456460054F435 /* Assets.xcassets in Resources */,
				59084876270456440054F435 /* Main.storyboard in Resources */,
			);
			runOnlyForDeploymentPostprocessing = 0;
		};
/* End PBXResourcesBuildPhase section */

/* Begin PBXSourcesBuildPhase section */
		59084867270456440054F435 /* Sources */ = {
			isa = PBXSourcesBuildPhase;
			buildActionMask = 2147483647;
			files = (
				59084873270456440054F435 /* ViewController.swift in Sources */,
				59084879270456440054F435 /* tablasCoreData.xcdatamodeld in Sources */,
				5908488927045EC30054F435 /* Persona+CoreDataProperties.swift in Sources */,
				5908486F270456440054F435 /* AppDelegate.swift in Sources */,
				5908488827045EC30054F435 /* Persona+CoreDataClass.swift in Sources */,
				59084871270456440054F435 /* SceneDelegate.swift in Sources */,
			);
			runOnlyForDeploymentPostprocessing = 0;
		};
/* End PBXSourcesBuildPhase section */

/* Begin PBXVariantGroup section */
		59084874270456440054F435 /* Main.storyboard */ = {
			isa = PBXVariantGroup;
			children = (
				59084875270456440054F435 /* Base */,
			);
			name = Main.storyboard;
			sourceTree = "<group>";
		};
		5908487C270456460054F435 /* LaunchScreen.storyboard */ = {
			isa = PBXVariantGroup;
			children = (
				5908487D270456460054F435 /* Base */,
			);
			name = LaunchScreen.storyboard;
			sourceTree = "<group>";
		};
/* End PBXVariantGroup section */

/* Begin XCBuildConfiguration section */
		59084880270456460054F435 /* Debug */ = {
			isa = XCBuildConfiguration;
			buildSettings = {
				ALWAYS_SEARCH_USER_PATHS = NO;
				CLANG_ANALYZER_NONNULL = YES;
				CLANG_ANALYZER_NUMBER_OBJECT_CONVERSION = YES_AGGRESSIVE;
				CLANG_CXX_LANGUAGE_STANDARD = "gnu++14";
				CLANG_CXX_LIBRARY = "libc++";
				CLANG_ENABLE_MODULES = YES;
				CLANG_ENABLE_OBJC_ARC = YES;
				CLANG_ENABLE_OBJC_WEAK = YES;
				CLANG_WARN_BLOCK_CAPTURE_AUTORELEASING = YES;
				CLANG_WARN_BOOL_CONVERSION = YES;
				CLANG_WARN_COMMA = YES;
				CLANG_WARN_CONSTANT_CONVERSION = YES;
				CLANG_WARN_DEPRECATED_OBJC_IMPLEMENTATIONS = YES;
				CLANG_WARN_DIRECT_OBJC_ISA_USAGE = YES_ERROR;
				CLANG_WARN_DOCUMENTATION_COMMENTS = YES;
				CLANG_WARN_EMPTY_BODY = YES;
				CLANG_WARN_ENUM_CONVERSION = YES;
				CLANG_WARN_INFINITE_RECURSION = YES;
				CLANG_WARN_INT_CONVERSION = YES;
				CLANG_WARN_NON_LITERAL_NULL_CONVERSION = YES;
				CLANG_WARN_OBJC_IMPLICIT_RETAIN_SELF = YES;
				CLANG_WARN_OBJC_LITERAL_CONVERSION = YES;
				CLANG_WARN_OBJC_ROOT_CLASS = YES_ERROR;
				CLANG_WARN_QUOTED_INCLUDE_IN_FRAMEWORK_HEADER = YES;
				CLANG_WARN_RANGE_LOOP_ANALYSIS = YES;
				CLANG_WARN_STRICT_PROTOTYPES = YES;
				CLANG_WARN_SUSPICIOUS_MOVE = YES;
				CLANG_WARN_UNGUARDED_AVAILABILITY = YES_AGGRESSIVE;
				CLANG_WARN_UNREACHABLE_CODE = YES;
				CLANG_WARN__DUPLICATE_METHOD_MATCH = YES;
				COPY_PHASE_STRIP = NO;
				DEBUG_INFORMATION_FORMAT = dwarf;
				ENABLE_STRICT_OBJC_MSGSEND = YES;
				ENABLE_TESTABILITY = YES;
				GCC_C_LANGUAGE_STANDARD = gnu11;
				GCC_DYNAMIC_NO_PIC = NO;
				GCC_NO_COMMON_BLOCKS = YES;
				GCC_OPTIMIZATION_LEVEL = 0;
				GCC_PREPROCESSOR_DEFINITIONS = (
					"DEBUG=1",
					"$(inherited)",
				);
				GCC_WARN_64_TO_32_BIT_CONVERSION = YES;
				GCC_WARN_ABOUT_RETURN_TYPE = YES_ERROR;
				GCC_WARN_UNDECLARED_SELECTOR = YES;
				GCC_WARN_UNINITIALIZED_AUTOS = YES_AGGRESSIVE;
				GCC_WARN_UNUSED_FUNCTION = YES;
				GCC_WARN_UNUSED_VARIABLE = YES;
				IPHONEOS_DEPLOYMENT_TARGET = 14.4;
				MTL_ENABLE_DEBUG_INFO = INCLUDE_SOURCE;
				MTL_FAST_MATH = YES;
				ONLY_ACTIVE_ARCH = YES;
				SDKROOT = iphoneos;
				SWIFT_ACTIVE_COMPILATION_CONDITIONS = DEBUG;
				SWIFT_OPTIMIZATION_LEVEL = "-Onone";
			};
			name = Debug;
		};
		59084881270456460054F435 /* Release */ = {
			isa = XCBuildConfiguration;
			buildSettings = {
				ALWAYS_SEARCH_USER_PATHS = NO;
				CLANG_ANALYZER_NONNULL = YES;
				CLANG_ANALYZER_NUMBER_OBJECT_CONVERSION = YES_AGGRESSIVE;
				CLANG_CXX_LANGUAGE_STANDARD = "gnu++14";
				CLANG_CXX_LIBRARY = "libc++";
				CLANG_ENABLE_MODULES = YES;
				CLANG_ENABLE_OBJC_ARC = YES;
				CLANG_ENABLE_OBJC_WEAK = YES;
				CLANG_WARN_BLOCK_CAPTURE_AUTORELEASING = YES;
				CLANG_WARN_BOOL_CONVERSION = YES;
				CLANG_WARN_COMMA = YES;
				CLANG_WARN_CONSTANT_CONVERSION = YES;
				CLANG_WARN_DEPRECATED_OBJC_IMPLEMENTATIONS = YES;
				CLANG_WARN_DIRECT_OBJC_ISA_USAGE = YES_ERROR;
				CLANG_WARN_DOCUMENTATION_COMMENTS = YES;
				CLANG_WARN_EMPTY_BODY = YES;
				CLANG_WARN_ENUM_CONVERSION = YES;
				CLANG_WARN_INFINITE_RECURSION = YES;
				CLANG_WARN_INT_CONVERSION = YES;
				CLANG_WARN_NON_LITERAL_NULL_CONVERSION = YES;
				CLANG_WARN_OBJC_IMPLICIT_RETAIN_SELF = YES;
				CLANG_WARN_OBJC_LITERAL_CONVERSION = YES;
				CLANG_WARN_OBJC_ROOT_CLASS = YES_ERROR;
				CLANG_WARN_QUOTED_INCLUDE_IN_FRAMEWORK_HEADER = YES;
				CLANG_WARN_RANGE_LOOP_ANALYSIS = YES;
				CLANG_WARN_STRICT_PROTOTYPES = YES;
				CLANG_WARN_SUSPICIOUS_MOVE = YES;
				CLANG_WARN_UNGUARDED_AVAILABILITY = YES_AGGRESSIVE;
				CLANG_WARN_UNREACHABLE_CODE = YES;
				CLANG_WARN__DUPLICATE_METHOD_MATCH = YES;
				COPY_PHASE_STRIP = NO;
				DEBUG_INFORMATION_FORMAT = "dwarf-with-dsym";
				ENABLE_NS_ASSERTIONS = NO;
				ENABLE_STRICT_OBJC_MSGSEND = YES;
				GCC_C_LANGUAGE_STANDARD = gnu11;
				GCC_NO_COMMON_BLOCKS = YES;
				GCC_WARN_64_TO_32_BIT_CONVERSION = YES;
				GCC_WARN_ABOUT_RETURN_TYPE = YES_ERROR;
				GCC_WARN_UNDECLARED_SELECTOR = YES;
				GCC_WARN_UNINITIALIZED_AUTOS = YES_AGGRESSIVE;
				GCC_WARN_UNUSED_FUNCTION = YES;
				GCC_WARN_UNUSED_VARIABLE = YES;
				IPHONEOS_DEPLOYMENT_TARGET = 14.4;
				MTL_ENABLE_DEBUG_INFO = NO;
				MTL_FAST_MATH = YES;
				SDKROOT = iphoneos;
				SWIFT_COMPILATION_MODE = wholemodule;
				SWIFT_OPTIMIZATION_LEVEL = "-O";
				VALIDATE_PRODUCT = YES;
			};
			name = Release;
		};
		59084883270456460054F435 /* Debug */ = {
			isa = XCBuildConfiguration;
			buildSettings = {
				ASSETCATALOG_COMPILER_APPICON_NAME = AppIcon;
				ASSETCATALOG_COMPILER_GLOBAL_ACCENT_COLOR_NAME = AccentColor;
				CODE_SIGN_STYLE = Automatic;
				INFOPLIST_FILE = tablasCoreData/Info.plist;
				LD_RUNPATH_SEARCH_PATHS = (
					"$(inherited)",
					"@executable_path/Frameworks",
				);
				PRODUCT_BUNDLE_IDENTIFIER = com.javi.tablasCoreData;
				PRODUCT_NAME = "$(TARGET_NAME)";
				SWIFT_VERSION = 5.0;
				TARGETED_DEVICE_FAMILY = "1,2";
			};
			name = Debug;
		};
		59084884270456460054F435 /* Release */ = {
			isa = XCBuildConfiguration;
			buildSettings = {
				ASSETCATALOG_COMPILER_APPICON_NAME = AppIcon;
				ASSETCATALOG_COMPILER_GLOBAL_ACCENT_COLOR_NAME = AccentColor;
				CODE_SIGN_STYLE = Automatic;
				INFOPLIST_FILE = tablasCoreData/Info.plist;
				LD_RUNPATH_SEARCH_PATHS = (
					"$(inherited)",
					"@executable_path/Frameworks",
				);
				PRODUCT_BUNDLE_IDENTIFIER = com.javi.tablasCoreData;
				PRODUCT_NAME = "$(TARGET_NAME)";
				SWIFT_VERSION = 5.0;
				TARGETED_DEVICE_FAMILY = "1,2";
			};
			name = Release;
		};
/* End XCBuildConfiguration section */

/* Begin XCConfigurationList section */
		59084866270456440054F435 /* Build configuration list for PBXProject "tablasCoreData" */ = {
			isa = XCConfigurationList;
			buildConfigurations = (
				59084880270456460054F435 /* Debug */,
				59084881270456460054F435 /* Release */,
			);
			defaultConfigurationIsVisible = 0;
			defaultConfigurationName = Release;
		};
		59084882270456460054F435 /* Build configuration list for PBXNativeTarget "tablasCoreData" */ = {
			isa = XCConfigurationList;
			buildConfigurations = (
				59084883270456460054F435 /* Debug */,
				59084884270456460054F435 /* Release */,
			);
			defaultConfigurationIsVisible = 0;
			defaultConfigurationName = Release;
		};
/* End XCConfigurationList section */

/* Begin XCVersionGroup section */
		59084877270456440054F435 /* tablasCoreData.xcdatamodeld */ = {
			isa = XCVersionGroup;
			children = (
				59084878270456440054F435 /* tablasCoreData.xcdatamodel */,
			);
			currentVersion = 59084878270456440054F435 /* tablasCoreData.xcdatamodel */;
			path = tablasCoreData.xcdatamodeld;
			sourceTree = "<group>";
			versionGroupType = wrapper.xcdatamodel;
		};
/* End XCVersionGroup section */
	};
	rootObject = 59084863270456440054F435 /* Project object */;
}
